
Microsoft Visual Studio Solution File, Format Version 12.00
# Visual Studio Version 16
VisualStudioVersion = 16.0.29709.97
MinimumVisualStudioVersion = 10.0.40219.1
Project("{FAE04EC0-301F-11D3-BF4B-00C04F79EFBC}") = "dell_fans_controller", "dell_fans_controller\dell_fans_controller.csproj", "{01F9EA05-3303-4446-8E37-7B43C28238DC}"
EndProject
Global
	GlobalSection(SolutionConfigurationPlatforms) = preSolution
		Debug|Any CPU = Debug|Any CPU
		Release|Any CPU = Release|Any CPU
	EndGlobalSection
	GlobalSection(ProjectConfigurationPlatforms) = postSolution
		{01F9EA05-3303-4446-8E37-7B43C28238DC}.Debug|Any CPU.ActiveCfg = Debug|Any CPU
		{01F9EA05-3303-4446-8E37-7B43C28238DC}.Debug|Any CPU.Build.0 = Debug|Any CPU
		{01F9EA05-3303-4446-8E37-7B43C28238DC}.Release|Any CPU.ActiveCfg = Release|Any CPU
		{01F9EA05-3303-4446-8E37-7B43C28238DC}.Release|Any CPU.Build.0 = Release|Any CPU
	EndGlobalSection
	GlobalSection(SolutionProperties) = preSolution
		HideSolutionNode = FALSE
	EndGlobalSection
	GlobalSection(ExtensibilityGlobals) = postSolution
		SolutionGuid = {40800FCE-106D-4C48-A549-E3CF823099A6}
	EndGlobalSection
EndGlobal
